
Microsoft Visual Studio Solution File, Format Version 12.00
# Visual Studio Version 17
VisualStudioVersion = 17.14.36310.24
MinimumVisualStudioVersion = 10.0.40219.1
Project("{FAE04EC0-301F-11D3-BF4B-00C04F79EFBC}") = "Calculator", "Calculator\Calculator.csproj", "{D5EF6134-32E7-43CA-9D9C-BF73CD0D7FB6}"
EndProject
Project("{FAE04EC0-301F-11D3-BF4B-00C04F79EFBC}") = "AtmSimulation", "AtmSimulation\AtmSimulation.csproj", "{D163A3F9-F891-4CE1-9181-51204B7714BF}"
EndProject
Project("{FAE04EC0-301F-11D3-BF4B-00C04F79EFBC}") = "NumberGuessingGame", "NumberGuessingGame\NumberGuessingGame.csproj", "{BC6359E0-0B28-42F1-9DD1-9E5E2E33D4C6}"
EndProject
Project("{FAE04EC0-301F-11D3-BF4B-00C04F79EFBC}") = "QuizContest", "QuizContest\QuizContest.csproj", "{28F4311B-1865-429A-8712-793B24DC7C4B}"
EndProject
Project("{FAE04EC0-301F-11D3-BF4B-00C04F79EFBC}") = "TaskManager", "TaskManager\TaskManager.csproj", "{0E7C24F2-3843-40FD-8045-A4FFCC47F7AF}"
EndProject
Project("{FAE04EC0-301F-11D3-BF4B-00C04F79EFBC}") = "GradeCalculator", "GradeCalculator\GradeCalculator.csproj", "{19807081-20A5-47F1-B951-84ABF8228E1A}"
EndProject
Global
	GlobalSection(SolutionConfigurationPlatforms) = preSolution
		Debug|Any CPU = Debug|Any CPU
		Release|Any CPU = Release|Any CPU
	EndGlobalSection
	GlobalSection(ProjectConfigurationPlatforms) = postSolution
		{D5EF6134-32E7-43CA-9D9C-BF73CD0D7FB6}.Debug|Any CPU.ActiveCfg = Debug|Any CPU
		{D5EF6134-32E7-43CA-9D9C-BF73CD0D7FB6}.Debug|Any CPU.Build.0 = Debug|Any CPU
		{D5EF6134-32E7-43CA-9D9C-BF73CD0D7FB6}.Release|Any CPU.ActiveCfg = Release|Any CPU
		{D5EF6134-32E7-43CA-9D9C-BF73CD0D7FB6}.Release|Any CPU.Build.0 = Release|Any CPU
		{D163A3F9-F891-4CE1-9181-51204B7714BF}.Debug|Any CPU.ActiveCfg = Debug|Any CPU
		{D163A3F9-F891-4CE1-9181-51204B7714BF}.Debug|Any CPU.Build.0 = Debug|Any CPU
		{D163A3F9-F891-4CE1-9181-51204B7714BF}.Release|Any CPU.ActiveCfg = Release|Any CPU
		{D163A3F9-F891-4CE1-9181-51204B7714BF}.Release|Any CPU.Build.0 = Release|Any CPU
		{BC6359E0-0B28-42F1-9DD1-9E5E2E33D4C6}.Debug|Any CPU.ActiveCfg = Debug|Any CPU
		{BC6359E0-0B28-42F1-9DD1-9E5E2E33D4C6}.Debug|Any CPU.Build.0 = Debug|Any CPU
		{BC6359E0-0B28-42F1-9DD1-9E5E2E33D4C6}.Release|Any CPU.ActiveCfg = Release|Any CPU
		{BC6359E0-0B28-42F1-9DD1-9E5E2E33D4C6}.Release|Any CPU.Build.0 = Release|Any CPU
		{28F4311B-1865-429A-8712-793B24DC7C4B}.Debug|Any CPU.ActiveCfg = Debug|Any CPU
		{28F4311B-1865-429A-8712-793B24DC7C4B}.Debug|Any CPU.Build.0 = Debug|Any CPU
		{28F4311B-1865-429A-8712-793B24DC7C4B}.Release|Any CPU.ActiveCfg = Release|Any CPU
		{28F4311B-1865-429A-8712-793B24DC7C4B}.Release|Any CPU.Build.0 = Release|Any CPU
		{0E7C24F2-3843-40FD-8045-A4FFCC47F7AF}.Debug|Any CPU.ActiveCfg = Debug|Any CPU
		{0E7C24F2-3843-40FD-8045-A4FFCC47F7AF}.Debug|Any CPU.Build.0 = Debug|Any CPU
		{0E7C24F2-3843-40FD-8045-A4FFCC47F7AF}.Release|Any CPU.ActiveCfg = Release|Any CPU
		{0E7C24F2-3843-40FD-8045-A4FFCC47F7AF}.Release|Any CPU.Build.0 = Release|Any CPU
		{19807081-20A5-47F1-B951-84ABF8228E1A}.Debug|Any CPU.ActiveCfg = Debug|Any CPU
		{19807081-20A5-47F1-B951-84ABF8228E1A}.Debug|Any CPU.Build.0 = Debug|Any CPU
		{19807081-20A5-47F1-B951-84ABF8228E1A}.Release|Any CPU.ActiveCfg = Release|Any CPU
		{19807081-20A5-47F1-B951-84ABF8228E1A}.Release|Any CPU.Build.0 = Release|Any CPU
	EndGlobalSection
	GlobalSection(SolutionProperties) = preSolution
		HideSolutionNode = FALSE
	EndGlobalSection
	GlobalSection(ExtensibilityGlobals) = postSolution
		SolutionGuid = {A4D13B12-CA16-4BB4-8033-112EEB68C442}
	EndGlobalSection
EndGlobal
